<?xml version="1.0" encoding="utf-8"?>
<Project ToolsVersion="4.0" xmlns="http://schemas.microsoft.com/developer/msbuild/2003">
  <ItemGroup>
    <Filter Include="Source Files">
      <UniqueIdentifier>{4FC737F1-C7A5-4376-A066-2A32D752A2FF}</UniqueIdentifier>
      <Extensions>cpp;c;cc;cxx;def;odl;idl;hpj;bat;asm;asmx</Extensions>
    </Filter>
    <Filter Include="Header Files">
      <UniqueIdentifier>{93995380-89BD-4b04-88EB-625FBE52EBFB}</UniqueIdentifier>
      <Extensions>h;hh;hpp;hxx;hm;inl;inc;xsd</Extensions>
    </Filter>
    <Filter Include="Resource Files">
      <UniqueIdentifier>{67DA6AB6-F800-4c08-8B7A-83BB121AAD01}</UniqueIdentifier>
      <Extensions>rc;ico;cur;bmp;dlg;rc2;rct;bin;rgs;gif;jpg;jpeg;jpe;resx;tiff;tif;png;wav;mfcribbon-ms</Extensions>
    </Filter>
    <Filter Include="Header Files\object">
      <UniqueIdentifier>{90f31c2f-e578-4b73-b3e7-9014e5df3ba1}</UniqueIdentifier>
    </Filter>
  </ItemGroup>
  <ItemGroup>
    <Text Include="ReadMe.txt" />
  </ItemGroup>
  <ItemGroup>
    <ClInclude Include="stdafx.h">
      <Filter>Header Files</Filter>
    </ClInclude>
    <ClInclude Include="targetver.h">
      <Filter>Header Files</Filter>
    </ClInclude>
    <ClInclude Include="handle.hpp">
      <Filter>Header Files</Filter>
    </ClInclude>
    <ClInclude Include="object\region.hpp">
      <Filter>Header Files\object</Filter>
    </ClInclude>
    <ClInclude Include="object\suface.hpp">
      <Filter>Header Files\object</Filter>
    </ClInclude>
    <ClInclude Include="object\palette.hpp">
      <Filter>Header Files\object</Filter>
    </ClInclude>
  </ItemGroup>
  <ItemGroup>
    <ClCompile Include="stdafx.cpp">
      <Filter>Source Files</Filter>
    </ClCompile>
    <ClCompile Include="handle.cxx">
      <Filter>Source Files</Filter>
    </ClCompile>
    <ClCompile Include="gdiexts.cxx">
      <Filter>Source Files</Filter>
    </ClCompile>
    <ClCompile Include="dllmain.cxx">
      <Filter>Source Files</Filter>
    </ClCompile>
    <ClCompile Include="help.cxx">
      <Filter>Source Files</Filter>
    </ClCompile>
  </ItemGroup>
  <ItemGroup>
    <None Include="win32kext.def">
      <Filter>Source Files</Filter>
    </None>
  </ItemGroup>
</Project>